
Microsoft Visual Studio Solution File, Format Version 12.00
# Visual Studio Version 17
VisualStudioVersion = 17.1.32210.238
MinimumVisualStudioVersion = 10.0.40219.1
Project("{FAE04EC0-301F-11D3-BF4B-00C04F79EFBC}") = "InputUsingMethods", "InputUsingMethods\InputUsingMethods.csproj", "{E004D813-3D4F-4DE9-85C2-1CB7679441D9}"
EndProject
Global
	GlobalSection(SolutionConfigurationPlatforms) = preSolution
		Debug|Any CPU = Debug|Any CPU
		Release|Any CPU = Release|Any CPU
	EndGlobalSection
	GlobalSection(ProjectConfigurationPlatforms) = postSolution
		{E004D813-3D4F-4DE9-85C2-1CB7679441D9}.Debug|Any CPU.ActiveCfg = Debug|Any CPU
		{E004D813-3D4F-4DE9-85C2-1CB7679441D9}.Debug|Any CPU.Build.0 = Debug|Any CPU
		{E004D813-3D4F-4DE9-85C2-1CB7679441D9}.Release|Any CPU.ActiveCfg = Release|Any CPU
		{E004D813-3D4F-4DE9-85C2-1CB7679441D9}.Release|Any CPU.Build.0 = Release|Any CPU
	EndGlobalSection
	GlobalSection(SolutionProperties) = preSolution
		HideSolutionNode = FALSE
	EndGlobalSection
	GlobalSection(ExtensibilityGlobals) = postSolution
		SolutionGuid = {7FC85816-D989-4602-A38A-BCD215856153}
	EndGlobalSection
EndGlobal
